
Microsoft Visual Studio Solution File, Format Version 12.00
# Visual Studio 2012
Project("{FAE04EC0-301F-11D3-BF4B-00C04F79EFBC}") = "HelloPluralsight", "HelloPluralsight\HelloPluralsight.csproj", "{2A942EC5-A19B-46D9-A456-AEC4952FF572}"
EndProject
Project("{FAE04EC0-301F-11D3-BF4B-00C04F79EFBC}") = "HelloPluralsight.iOS", "iOS\HelloPluralsight.iOS.csproj", "{FBAF8FE7-72EF-46B3-A810-A3EE0C02866E}"
EndProject
Project("{FAE04EC0-301F-11D3-BF4B-00C04F79EFBC}") = "HelloPluralsight.Droid", "Droid\HelloPluralsight.Droid.csproj", "{3FE3BEA9-9A95-4CC1-9082-39BDDCC1B908}"
EndProject
Global
	GlobalSection(SolutionConfigurationPlatforms) = preSolution
		Debug|Any CPU = Debug|Any CPU
		Release|Any CPU = Release|Any CPU
		Debug|iPhoneSimulator = Debug|iPhoneSimulator
		Release|iPhone = Release|iPhone
		Release|iPhoneSimulator = Release|iPhoneSimulator
		Debug|iPhone = Debug|iPhone
	EndGlobalSection
	GlobalSection(ProjectConfigurationPlatforms) = postSolution
		{2A942EC5-A19B-46D9-A456-AEC4952FF572}.Debug|Any CPU.ActiveCfg = Debug|Any CPU
		{2A942EC5-A19B-46D9-A456-AEC4952FF572}.Debug|Any CPU.Build.0 = Debug|Any CPU
		{2A942EC5-A19B-46D9-A456-AEC4952FF572}.Release|Any CPU.ActiveCfg = Release|Any CPU
		{2A942EC5-A19B-46D9-A456-AEC4952FF572}.Release|Any CPU.Build.0 = Release|Any CPU
		{2A942EC5-A19B-46D9-A456-AEC4952FF572}.Debug|iPhoneSimulator.ActiveCfg = Debug|Any CPU
		{2A942EC5-A19B-46D9-A456-AEC4952FF572}.Debug|iPhoneSimulator.Build.0 = Debug|Any CPU
		{2A942EC5-A19B-46D9-A456-AEC4952FF572}.Release|iPhone.ActiveCfg = Release|Any CPU
		{2A942EC5-A19B-46D9-A456-AEC4952FF572}.Release|iPhone.Build.0 = Release|Any CPU
		{2A942EC5-A19B-46D9-A456-AEC4952FF572}.Release|iPhoneSimulator.ActiveCfg = Release|Any CPU
		{2A942EC5-A19B-46D9-A456-AEC4952FF572}.Release|iPhoneSimulator.Build.0 = Release|Any CPU
		{2A942EC5-A19B-46D9-A456-AEC4952FF572}.Debug|iPhone.ActiveCfg = Debug|Any CPU
		{2A942EC5-A19B-46D9-A456-AEC4952FF572}.Debug|iPhone.Build.0 = Debug|Any CPU
		{FBAF8FE7-72EF-46B3-A810-A3EE0C02866E}.Debug|Any CPU.ActiveCfg = Debug|iPhoneSimulator
		{FBAF8FE7-72EF-46B3-A810-A3EE0C02866E}.Debug|Any CPU.Build.0 = Debug|iPhoneSimulator
		{FBAF8FE7-72EF-46B3-A810-A3EE0C02866E}.Release|Any CPU.ActiveCfg = Release|iPhone
		{FBAF8FE7-72EF-46B3-A810-A3EE0C02866E}.Release|Any CPU.Build.0 = Release|iPhone
		{FBAF8FE7-72EF-46B3-A810-A3EE0C02866E}.Debug|iPhoneSimulator.ActiveCfg = Debug|iPhoneSimulator
		{FBAF8FE7-72EF-46B3-A810-A3EE0C02866E}.Debug|iPhoneSimulator.Build.0 = Debug|iPhoneSimulator
		{FBAF8FE7-72EF-46B3-A810-A3EE0C02866E}.Release|iPhone.ActiveCfg = Release|iPhone
		{FBAF8FE7-72EF-46B3-A810-A3EE0C02866E}.Release|iPhone.Build.0 = Release|iPhone
		{FBAF8FE7-72EF-46B3-A810-A3EE0C02866E}.Release|iPhoneSimulator.ActiveCfg = Release|iPhoneSimulator
		{FBAF8FE7-72EF-46B3-A810-A3EE0C02866E}.Release|iPhoneSimulator.Build.0 = Release|iPhoneSimulator
		{FBAF8FE7-72EF-46B3-A810-A3EE0C02866E}.Debug|iPhone.ActiveCfg = Debug|iPhone
		{FBAF8FE7-72EF-46B3-A810-A3EE0C02866E}.Debug|iPhone.Build.0 = Debug|iPhone
		{3FE3BEA9-9A95-4CC1-9082-39BDDCC1B908}.Debug|Any CPU.ActiveCfg = Debug|Any CPU
		{3FE3BEA9-9A95-4CC1-9082-39BDDCC1B908}.Debug|Any CPU.Build.0 = Debug|Any CPU
		{3FE3BEA9-9A95-4CC1-9082-39BDDCC1B908}.Release|Any CPU.ActiveCfg = Release|Any CPU
		{3FE3BEA9-9A95-4CC1-9082-39BDDCC1B908}.Release|Any CPU.Build.0 = Release|Any CPU
		{3FE3BEA9-9A95-4CC1-9082-39BDDCC1B908}.Debug|iPhoneSimulator.ActiveCfg = Debug|Any CPU
		{3FE3BEA9-9A95-4CC1-9082-39BDDCC1B908}.Debug|iPhoneSimulator.Build.0 = Debug|Any CPU
		{3FE3BEA9-9A95-4CC1-9082-39BDDCC1B908}.Release|iPhone.ActiveCfg = Release|Any CPU
		{3FE3BEA9-9A95-4CC1-9082-39BDDCC1B908}.Release|iPhone.Build.0 = Release|Any CPU
		{3FE3BEA9-9A95-4CC1-9082-39BDDCC1B908}.Release|iPhoneSimulator.ActiveCfg = Release|Any CPU
		{3FE3BEA9-9A95-4CC1-9082-39BDDCC1B908}.Release|iPhoneSimulator.Build.0 = Release|Any CPU
		{3FE3BEA9-9A95-4CC1-9082-39BDDCC1B908}.Debug|iPhone.ActiveCfg = Debug|Any CPU
		{3FE3BEA9-9A95-4CC1-9082-39BDDCC1B908}.Debug|iPhone.Build.0 = Debug|Any CPU
	EndGlobalSection
EndGlobal
